
Microsoft Visual Studio Solution File, Format Version 12.00
# Visual Studio 15
Project("{FAE04EC0-301F-11D3-BF4B-00C04F79EFBC}") = "Assembly-CSharp", "Assembly-CSharp.csproj", "{AFF0061E-D10D-0EDD-4672-B06C171AD761}"
EndProject
Project("{FAE04EC0-301F-11D3-BF4B-00C04F79EFBC}") = "Assembly-CSharp", "Assembly-CSharp.Player.csproj", "{CD19BD26-E9EF-B1CD-F9C9-A0E96784BE40}"
EndProject
Global
	GlobalSection(SolutionConfigurationPlatforms) = preSolution
		Debug|Any CPU = Debug|Any CPU
		Release|Any CPU = Release|Any CPU
	EndGlobalSection
	GlobalSection(ProjectConfigurationPlatforms) = postSolution
		{AFF0061E-D10D-0EDD-4672-B06C171AD761}.Debug|Any CPU.ActiveCfg = Debug|Any CPU
		{AFF0061E-D10D-0EDD-4672-B06C171AD761}.Debug|Any CPU.Build.0 = Debug|Any CPU
		{AFF0061E-D10D-0EDD-4672-B06C171AD761}.Release|Any CPU.ActiveCfg = Release|Any CPU
		{AFF0061E-D10D-0EDD-4672-B06C171AD761}.Release|Any CPU.Build.0 = Release|Any CPU
		{CD19BD26-E9EF-B1CD-F9C9-A0E96784BE40}.Debug|Any CPU.ActiveCfg = Debug|Any CPU
		{CD19BD26-E9EF-B1CD-F9C9-A0E96784BE40}.Debug|Any CPU.Build.0 = Debug|Any CPU
		{CD19BD26-E9EF-B1CD-F9C9-A0E96784BE40}.Release|Any CPU.ActiveCfg = Release|Any CPU
		{CD19BD26-E9EF-B1CD-F9C9-A0E96784BE40}.Release|Any CPU.Build.0 = Release|Any CPU
	EndGlobalSection
	GlobalSection(SolutionProperties) = preSolution
		HideSolutionNode = FALSE
	EndGlobalSection
EndGlobal
